
Microsoft Visual Studio Solution File, Format Version 12.00
# Visual Studio Version 16
VisualStudioVersion = 16.0.29306.81
MinimumVisualStudioVersion = 10.0.40219.1
Project("{FAE04EC0-301F-11D3-BF4B-00C04F79EFBC}") = "MainCorreo", "MainCorreo\MainCorreo.csproj", "{87CCD222-5D76-4AF6-947F-E0FB21125DE1}"
EndProject
Project("{FAE04EC0-301F-11D3-BF4B-00C04F79EFBC}") = "Entidades", "Entidades\Entidades.csproj", "{C759ACB8-E448-47BC-ABE4-7FAC316E2B31}"
EndProject
Project("{FAE04EC0-301F-11D3-BF4B-00C04F79EFBC}") = "PruebasCorreo", "PruebasCorreo\PruebasCorreo.csproj", "{DA82269F-7E77-4F16-A80E-15EA70F74F0C}"
EndProject
Global
	GlobalSection(SolutionConfigurationPlatforms) = preSolution
		Debug|Any CPU = Debug|Any CPU
		Release|Any CPU = Release|Any CPU
	EndGlobalSection
	GlobalSection(ProjectConfigurationPlatforms) = postSolution
		{87CCD222-5D76-4AF6-947F-E0FB21125DE1}.Debug|Any CPU.ActiveCfg = Debug|Any CPU
		{87CCD222-5D76-4AF6-947F-E0FB21125DE1}.Debug|Any CPU.Build.0 = Debug|Any CPU
		{87CCD222-5D76-4AF6-947F-E0FB21125DE1}.Release|Any CPU.ActiveCfg = Release|Any CPU
		{87CCD222-5D76-4AF6-947F-E0FB21125DE1}.Release|Any CPU.Build.0 = Release|Any CPU
		{C759ACB8-E448-47BC-ABE4-7FAC316E2B31}.Debug|Any CPU.ActiveCfg = Debug|Any CPU
		{C759ACB8-E448-47BC-ABE4-7FAC316E2B31}.Debug|Any CPU.Build.0 = Debug|Any CPU
		{C759ACB8-E448-47BC-ABE4-7FAC316E2B31}.Release|Any CPU.ActiveCfg = Release|Any CPU
		{C759ACB8-E448-47BC-ABE4-7FAC316E2B31}.Release|Any CPU.Build.0 = Release|Any CPU
		{DA82269F-7E77-4F16-A80E-15EA70F74F0C}.Debug|Any CPU.ActiveCfg = Debug|Any CPU
		{DA82269F-7E77-4F16-A80E-15EA70F74F0C}.Debug|Any CPU.Build.0 = Debug|Any CPU
		{DA82269F-7E77-4F16-A80E-15EA70F74F0C}.Release|Any CPU.ActiveCfg = Release|Any CPU
		{DA82269F-7E77-4F16-A80E-15EA70F74F0C}.Release|Any CPU.Build.0 = Release|Any CPU
	EndGlobalSection
	GlobalSection(SolutionProperties) = preSolution
		HideSolutionNode = FALSE
	EndGlobalSection
	GlobalSection(ExtensibilityGlobals) = postSolution
		SolutionGuid = {14183F25-D3AC-460D-9252-5389AA33D62B}
	EndGlobalSection
EndGlobal
