
Microsoft Visual Studio Solution File, Format Version 12.00
# Visual Studio Express 15 for Windows Desktop
VisualStudioVersion = 15.0.27703.2047
MinimumVisualStudioVersion = 10.0.40219.1
Project("{FAE04EC0-301F-11D3-BF4B-00C04F79EFBC}") = "Excepciones", "Excepciones\Excepciones.csproj", "{A41DFEF9-9A75-46FC-8851-7BDCC211159E}"
EndProject
Project("{FAE04EC0-301F-11D3-BF4B-00C04F79EFBC}") = "Archivos", "Archivos\Archivos.csproj", "{85304462-403C-4381-AB58-71AA0D1634CA}"
EndProject
Project("{FAE04EC0-301F-11D3-BF4B-00C04F79EFBC}") = "EntidadesAbstractas", "ClasesAbstractas\EntidadesAbstractas.csproj", "{6258D212-42E7-4B34-B5BF-2A3CB6CE7838}"
EndProject
Project("{FAE04EC0-301F-11D3-BF4B-00C04F79EFBC}") = "ClasesInstanciables", "ClasesInstanciables\ClasesInstanciables.csproj", "{0BC56E38-DE08-4918-8DFF-D2EED4618D8C}"
EndProject
Project("{FAE04EC0-301F-11D3-BF4B-00C04F79EFBC}") = "Main", "Main\Main.csproj", "{A4C9AF5F-D788-43C0-AF8F-141845095DB5}"
EndProject
Project("{FAE04EC0-301F-11D3-BF4B-00C04F79EFBC}") = "PruebaUniversidad", "PruebaUniversidad\PruebaUniversidad.csproj", "{92097228-3B8B-4BA2-BB4A-30331991DC54}"
EndProject
Global
	GlobalSection(SolutionConfigurationPlatforms) = preSolution
		Debug|Any CPU = Debug|Any CPU
		Release|Any CPU = Release|Any CPU
	EndGlobalSection
	GlobalSection(ProjectConfigurationPlatforms) = postSolution
		{A41DFEF9-9A75-46FC-8851-7BDCC211159E}.Debug|Any CPU.ActiveCfg = Debug|Any CPU
		{A41DFEF9-9A75-46FC-8851-7BDCC211159E}.Debug|Any CPU.Build.0 = Debug|Any CPU
		{A41DFEF9-9A75-46FC-8851-7BDCC211159E}.Release|Any CPU.ActiveCfg = Release|Any CPU
		{A41DFEF9-9A75-46FC-8851-7BDCC211159E}.Release|Any CPU.Build.0 = Release|Any CPU
		{85304462-403C-4381-AB58-71AA0D1634CA}.Debug|Any CPU.ActiveCfg = Debug|Any CPU
		{85304462-403C-4381-AB58-71AA0D1634CA}.Debug|Any CPU.Build.0 = Debug|Any CPU
		{85304462-403C-4381-AB58-71AA0D1634CA}.Release|Any CPU.ActiveCfg = Release|Any CPU
		{85304462-403C-4381-AB58-71AA0D1634CA}.Release|Any CPU.Build.0 = Release|Any CPU
		{6258D212-42E7-4B34-B5BF-2A3CB6CE7838}.Debug|Any CPU.ActiveCfg = Debug|Any CPU
		{6258D212-42E7-4B34-B5BF-2A3CB6CE7838}.Debug|Any CPU.Build.0 = Debug|Any CPU
		{6258D212-42E7-4B34-B5BF-2A3CB6CE7838}.Release|Any CPU.ActiveCfg = Release|Any CPU
		{6258D212-42E7-4B34-B5BF-2A3CB6CE7838}.Release|Any CPU.Build.0 = Release|Any CPU
		{0BC56E38-DE08-4918-8DFF-D2EED4618D8C}.Debug|Any CPU.ActiveCfg = Debug|Any CPU
		{0BC56E38-DE08-4918-8DFF-D2EED4618D8C}.Debug|Any CPU.Build.0 = Debug|Any CPU
		{0BC56E38-DE08-4918-8DFF-D2EED4618D8C}.Release|Any CPU.ActiveCfg = Release|Any CPU
		{0BC56E38-DE08-4918-8DFF-D2EED4618D8C}.Release|Any CPU.Build.0 = Release|Any CPU
		{A4C9AF5F-D788-43C0-AF8F-141845095DB5}.Debug|Any CPU.ActiveCfg = Debug|Any CPU
		{A4C9AF5F-D788-43C0-AF8F-141845095DB5}.Debug|Any CPU.Build.0 = Debug|Any CPU
		{A4C9AF5F-D788-43C0-AF8F-141845095DB5}.Release|Any CPU.ActiveCfg = Release|Any CPU
		{A4C9AF5F-D788-43C0-AF8F-141845095DB5}.Release|Any CPU.Build.0 = Release|Any CPU
		{92097228-3B8B-4BA2-BB4A-30331991DC54}.Debug|Any CPU.ActiveCfg = Debug|Any CPU
		{92097228-3B8B-4BA2-BB4A-30331991DC54}.Debug|Any CPU.Build.0 = Debug|Any CPU
		{92097228-3B8B-4BA2-BB4A-30331991DC54}.Release|Any CPU.ActiveCfg = Release|Any CPU
		{92097228-3B8B-4BA2-BB4A-30331991DC54}.Release|Any CPU.Build.0 = Release|Any CPU
	EndGlobalSection
	GlobalSection(SolutionProperties) = preSolution
		HideSolutionNode = FALSE
	EndGlobalSection
	GlobalSection(ExtensibilityGlobals) = postSolution
		SolutionGuid = {1377CA21-414D-4D8B-93E3-D879942DD374}
	EndGlobalSection
EndGlobal
